// !$*UTF8*$!
{
	archiveVersion = 1;
	classes = {
	};
	objectVersion = 46;
	objects = {

/* Begin PBXBuildFile section */
		0E69350CEFD99910FA056F73 /* Pods_ElementDiff_Example.framework in Frameworks */ = {isa = PBXBuildFile; fileRef = 6B223F0CEAD0A8F7EFFEFA16 /* Pods_ElementDiff_Example.framework */; };
		E23606541DF753B400553686 /* AppDelegate.swift in Sources */ = {isa = PBXBuildFile; fileRef = E23606531DF753B400553686 /* AppDelegate.swift */; };
		E23606561DF753B400553686 /* ViewController.swift in Sources */ = {isa = PBXBuildFile; fileRef = E23606551DF753B400553686 /* ViewController.swift */; };
		E236065B1DF753B400553686 /* Assets.xcassets in Resources */ = {isa = PBXBuildFile; fileRef = E236065A1DF753B400553686 /* Assets.xcassets */; };
		E236065E1DF753B400553686 /* LaunchScreen.storyboard in Resources */ = {isa = PBXBuildFile; fileRef = E236065C1DF753B400553686 /* LaunchScreen.storyboard */; };
/* End PBXBuildFile section */

/* Begin PBXFileReference section */
		63CC2E671E60C571BC516E50 /* Pods-ElementDiff-Example.release.xcconfig */ = {isa = PBXFileReference; includeInIndex = 1; lastKnownFileType = text.xcconfig; name = "Pods-ElementDiff-Example.release.xcconfig"; path = "Pods/Target Support Files/Pods-ElementDiff-Example/Pods-ElementDiff-Example.release.xcconfig"; sourceTree = "<group>"; };
		6B223F0CEAD0A8F7EFFEFA16 /* Pods_ElementDiff_Example.framework */ = {isa = PBXFileReference; explicitFileType = wrapper.framework; includeInIndex = 0; path = Pods_ElementDiff_Example.framework; sourceTree = BUILT_PRODUCTS_DIR; };
		E23606501DF753B400553686 /* ElementDiff-Example.app */ = {isa = PBXFileReference; explicitFileType = wrapper.application; includeInIndex = 0; path = "ElementDiff-Example.app"; sourceTree = BUILT_PRODUCTS_DIR; };
		E23606531DF753B400553686 /* AppDelegate.swift */ = {isa = PBXFileReference; lastKnownFileType = sourcecode.swift; name = AppDelegate.swift; path = "ElementDiff-Example/AppDelegate.swift"; sourceTree = "<group>"; };
		E23606551DF753B400553686 /* ViewController.swift */ = {isa = PBXFileReference; lastKnownFileType = sourcecode.swift; path = ViewController.swift; sourceTree = "<group>"; };
		E236065A1DF753B400553686 /* Assets.xcassets */ = {isa = PBXFileReference; lastKnownFileType = folder.assetcatalog; name = Assets.xcassets; path = "ElementDiff-Example/Assets.xcassets"; sourceTree = "<group>"; };
		E236065D1DF753B400553686 /* Base */ = {isa = PBXFileReference; lastKnownFileType = file.storyboard; name = Base; path = Base.lproj/LaunchScreen.storyboard; sourceTree = "<group>"; };
		E236065F1DF753B400553686 /* Info.plist */ = {isa = PBXFileReference; lastKnownFileType = text.plist.xml; name = Info.plist; path = "ElementDiff-Example/Info.plist"; sourceTree = "<group>"; };
		FC643AC62292683BB60BD80C /* Pods-ElementDiff-Example.debug.xcconfig */ = {isa = PBXFileReference; includeInIndex = 1; lastKnownFileType = text.xcconfig; name = "Pods-ElementDiff-Example.debug.xcconfig"; path = "Pods/Target Support Files/Pods-ElementDiff-Example/Pods-ElementDiff-Example.debug.xcconfig"; sourceTree = "<group>"; };
/* End PBXFileReference section */

/* Begin PBXFrameworksBuildPhase section */
		E236064D1DF753B400553686 /* Frameworks */ = {
			isa = PBXFrameworksBuildPhase;
			buildActionMask = 2147483647;
			files = (
				0E69350CEFD99910FA056F73 /* Pods_ElementDiff_Example.framework in Frameworks */,
			);
			runOnlyForDeploymentPostprocessing = 0;
		};
/* End PBXFrameworksBuildPhase section */

/* Begin PBXGroup section */
		18E9579C7AA9AAE5D445D015 /* Frameworks */ = {
			isa = PBXGroup;
			children = (
				6B223F0CEAD0A8F7EFFEFA16 /* Pods_ElementDiff_Example.framework */,
			);
			name = Frameworks;
			sourceTree = "<group>";
		};
		E23606471DF753B400553686 = {
			isa = PBXGroup;
			children = (
				E23606521DF753B400553686 /* ElementDiff-Example */,
				E23606511DF753B400553686 /* Products */,
				F55A8238327046749288783F /* Pods */,
				18E9579C7AA9AAE5D445D015 /* Frameworks */,
			);
			sourceTree = "<group>";
		};
		E23606511DF753B400553686 /* Products */ = {
			isa = PBXGroup;
			children = (
				E23606501DF753B400553686 /* ElementDiff-Example.app */,
			);
			name = Products;
			sourceTree = "<group>";
		};
		E23606521DF753B400553686 /* ElementDiff-Example */ = {
			isa = PBXGroup;
			children = (
				E23606551DF753B400553686 /* ViewController.swift */,
				E24203071DF75BA4008E8620 /* Resources */,
			);
			path = "ElementDiff-Example";
			sourceTree = "<group>";
		};
		E24203071DF75BA4008E8620 /* Resources */ = {
			isa = PBXGroup;
			children = (
				E23606531DF753B400553686 /* AppDelegate.swift */,
				E236065A1DF753B400553686 /* Assets.xcassets */,
				E236065C1DF753B400553686 /* LaunchScreen.storyboard */,
				E236065F1DF753B400553686 /* Info.plist */,
			);
			name = Resources;
			path = ..;
			sourceTree = "<group>";
		};
		F55A8238327046749288783F /* Pods */ = {
			isa = PBXGroup;
			children = (
				FC643AC62292683BB60BD80C /* Pods-ElementDiff-Example.debug.xcconfig */,
				63CC2E671E60C571BC516E50 /* Pods-ElementDiff-Example.release.xcconfig */,
			);
			name = Pods;
			sourceTree = "<group>";
		};
/* End PBXGroup section */

/* Begin PBXNativeTarget section */
		E236064F1DF753B400553686 /* ElementDiff-Example */ = {
			isa = PBXNativeTarget;
			buildConfigurationList = E23606621DF753B400553686 /* Build configuration list for PBXNativeTarget "ElementDiff-Example" */;
			buildPhases = (
				0240D868CD1B659D550473CC /* [CP] Check Pods Manifest.lock */,
				E236064C1DF753B400553686 /* Sources */,
				E236064D1DF753B400553686 /* Frameworks */,
				E236064E1DF753B400553686 /* Resources */,
				E6EC0335E738C5B131B21912 /* [CP] Embed Pods Frameworks */,
			);
			buildRules = (
			);
			dependencies = (
			);
			name = "ElementDiff-Example";
			productName = "ElementDiff-Example";
			productReference = E23606501DF753B400553686 /* ElementDiff-Example.app */;
			productType = "com.apple.product-type.application";
		};
/* End PBXNativeTarget section */

/* Begin PBXProject section */
		E23606481DF753B400553686 /* Project object */ = {
			isa = PBXProject;
			attributes = {
				LastSwiftUpdateCheck = 0810;
				LastUpgradeCheck = 1020;
				ORGANIZATIONNAME = Q42;
				TargetAttributes = {
					E236064F1DF753B400553686 = {
						CreatedOnToolsVersion = 8.1;
						DevelopmentTeam = BQF78J8BF9;
						LastSwiftMigration = 1020;
						ProvisioningStyle = Automatic;
					};
				};
			};
			buildConfigurationList = E236064B1DF753B400553686 /* Build configuration list for PBXProject "ElementDiff-Example" */;
			compatibilityVersion = "Xcode 3.2";
			developmentRegion = en;
			hasScannedForEncodings = 0;
			knownRegions = (
				en,
				Base,
			);
			mainGroup = E23606471DF753B400553686;
			productRefGroup = E23606511DF753B400553686 /* Products */;
			projectDirPath = "";
			projectRoot = "";
			targets = (
				E236064F1DF753B400553686 /* ElementDiff-Example */,
			);
		};
/* End PBXProject section */

/* Begin PBXResourcesBuildPhase section */
		E236064E1DF753B400553686 /* Resources */ = {
			isa = PBXResourcesBuildPhase;
			buildActionMask = 2147483647;
			files = (
				E236065E1DF753B400553686 /* LaunchScreen.storyboard in Resources */,
				E236065B1DF753B400553686 /* Assets.xcassets in Resources */,
			);
			runOnlyForDeploymentPostprocessing = 0;
		};
/* End PBXResourcesBuildPhase section */

/* Begin PBXShellScriptBuildPhase section */
		0240D868CD1B659D550473CC /* [CP] Check Pods Manifest.lock */ = {
			isa = PBXShellScriptBuildPhase;
			buildActionMask = 2147483647;
			files = (
			);
			inputPaths = (
				"${PODS_PODFILE_DIR_PATH}/Podfile.lock",
				"${PODS_ROOT}/Manifest.lock",
			);
			name = "[CP] Check Pods Manifest.lock";
			outputPaths = (
				"$(DERIVED_FILE_DIR)/Pods-ElementDiff-Example-checkManifestLockResult.txt",
			);
			runOnlyForDeploymentPostprocessing = 0;
			shellPath = /bin/sh;
			shellScript = "diff \"${PODS_PODFILE_DIR_PATH}/Podfile.lock\" \"${PODS_ROOT}/Manifest.lock\" > /dev/null\nif [ $? != 0 ] ; then\n    # print error to STDERR\n    echo \"error: The sandbox is not in sync with the Podfile.lock. Run 'pod install' or update your CocoaPods installation.\" >&2\n    exit 1\nfi\n# This output is used by Xcode 'outputs' to avoid re-running this script phase.\necho \"SUCCESS\" > \"${SCRIPT_OUTPUT_FILE_0}\"\n";
			showEnvVarsInLog = 0;
		};
		E6EC0335E738C5B131B21912 /* [CP] Embed Pods Frameworks */ = {
			isa = PBXShellScriptBuildPhase;
			buildActionMask = 2147483647;
			files = (
			);
			inputPaths = (
				"${SRCROOT}/Pods/Target Support Files/Pods-ElementDiff-Example/Pods-ElementDiff-Example-frameworks.sh",
				"${BUILT_PRODUCTS_DIR}/ElementDiff/ElementDiff.framework",
			);
			name = "[CP] Embed Pods Frameworks";
			outputPaths = (
				"${TARGET_BUILD_DIR}/${FRAMEWORKS_FOLDER_PATH}/ElementDiff.framework",
			);
			runOnlyForDeploymentPostprocessing = 0;
			shellPath = /bin/sh;
			shellScript = "\"${SRCROOT}/Pods/Target Support Files/Pods-ElementDiff-Example/Pods-ElementDiff-Example-frameworks.sh\"\n";
			showEnvVarsInLog = 0;
		};
/* End PBXShellScriptBuildPhase section */

/* Begin PBXSourcesBuildPhase section */
		E236064C1DF753B400553686 /* Sources */ = {
			isa = PBXSourcesBuildPhase;
			buildActionMask = 2147483647;
			files = (
				E23606561DF753B400553686 /* ViewController.swift in Sources */,
				E23606541DF753B400553686 /* AppDelegate.swift in Sources */,
			);
			runOnlyForDeploymentPostprocessing = 0;
		};
/* End PBXSourcesBuildPhase section */

/* Begin PBXVariantGroup section */
		E236065C1DF753B400553686 /* LaunchScreen.storyboard */ = {
			isa = PBXVariantGroup;
			children = (
				E236065D1DF753B400553686 /* Base */,
			);
			name = LaunchScreen.storyboard;
			path = "ElementDiff-Example";
			sourceTree = "<group>";
		};
/* End PBXVariantGroup section */

/* Begin XCBuildConfiguration section */
		E23606601DF753B400553686 /* Debug */ = {
			isa = XCBuildConfiguration;
			buildSettings = {
				ALWAYS_SEARCH_USER_PATHS = NO;
				CLANG_ANALYZER_LOCALIZABILITY_NONLOCALIZED = YES;
				CLANG_ANALYZER_NONNULL = YES;
				CLANG_CXX_LANGUAGE_STANDARD = "gnu++0x";
				CLANG_CXX_LIBRARY = "libc++";
				CLANG_ENABLE_MODULES = YES;
				CLANG_ENABLE_OBJC_ARC = YES;
				CLANG_WARN_BLOCK_CAPTURE_AUTORELEASING = YES;
				CLANG_WARN_BOOL_CONVERSION = YES;
				CLANG_WARN_COMMA = YES;
				CLANG_WARN_CONSTANT_CONVERSION = YES;
				CLANG_WARN_DEPRECATED_OBJC_IMPLEMENTATIONS = YES;
				CLANG_WARN_DIRECT_OBJC_ISA_USAGE = YES_ERROR;
				CLANG_WARN_DOCUMENTATION_COMMENTS = YES;
				CLANG_WARN_EMPTY_BODY = YES;
				CLANG_WARN_ENUM_CONVERSION = YES;
				CLANG_WARN_INFINITE_RECURSION = YES;
				CLANG_WARN_INT_CONVERSION = YES;
				CLANG_WARN_NON_LITERAL_NULL_CONVERSION = YES;
				CLANG_WARN_OBJC_IMPLICIT_RETAIN_SELF = YES;
				CLANG_WARN_OBJC_LITERAL_CONVERSION = YES;
				CLANG_WARN_OBJC_ROOT_CLASS = YES_ERROR;
				CLANG_WARN_RANGE_LOOP_ANALYSIS = YES;
				CLANG_WARN_STRICT_PROTOTYPES = YES;
				CLANG_WARN_SUSPICIOUS_MOVE = YES;
				CLANG_WARN_SUSPICIOUS_MOVES = YES;
				CLANG_WARN_UNREACHABLE_CODE = YES;
				CLANG_WARN__DUPLICATE_METHOD_MATCH = YES;
				"CODE_SIGN_IDENTITY[sdk=iphoneos*]" = "iPhone Developer";
				COPY_PHASE_STRIP = NO;
				DEBUG_INFORMATION_FORMAT = dwarf;
				ENABLE_STRICT_OBJC_MSGSEND = YES;
				ENABLE_TESTABILITY = YES;
				GCC_C_LANGUAGE_STANDARD = gnu99;
				GCC_DYNAMIC_NO_PIC = NO;
				GCC_NO_COMMON_BLOCKS = YES;
				GCC_OPTIMIZATION_LEVEL = 0;
				GCC_PREPROCESSOR_DEFINITIONS = (
					"DEBUG=1",
					"$(inherited)",
				);
				GCC_WARN_64_TO_32_BIT_CONVERSION = YES;
				GCC_WARN_ABOUT_RETURN_TYPE = YES_ERROR;
				GCC_WARN_UNDECLARED_SELECTOR = YES;
				GCC_WARN_UNINITIALIZED_AUTOS = YES_AGGRESSIVE;
				GCC_WARN_UNUSED_FUNCTION = YES;
				GCC_WARN_UNUSED_VARIABLE = YES;
				IPHONEOS_DEPLOYMENT_TARGET = 10.1;
				MTL_ENABLE_DEBUG_INFO = YES;
				ONLY_ACTIVE_ARCH = YES;
				SDKROOT = iphoneos;
				SWIFT_ACTIVE_COMPILATION_CONDITIONS = DEBUG;
				SWIFT_OPTIMIZATION_LEVEL = "-Onone";
				TARGETED_DEVICE_FAMILY = "1,2";
			};
			name = Debug;
		};
		E23606611DF753B400553686 /* Release */ = {
			isa = XCBuildConfiguration;
			buildSettings = {
				ALWAYS_SEARCH_USER_PATHS = NO;
				CLANG_ANALYZER_LOCALIZABILITY_NONLOCALIZED = YES;
				CLANG_ANALYZER_NONNULL = YES;
				CLANG_CXX_LANGUAGE_STANDARD = "gnu++0x";
				CLANG_CXX_LIBRARY = "libc++";
				CLANG_ENABLE_MODULES = YES;
				CLANG_ENABLE_OBJC_ARC = YES;
				CLANG_WARN_BLOCK_CAPTURE_AUTORELEASING = YES;
				CLANG_WARN_BOOL_CONVERSION = YES;
				CLANG_WARN_COMMA = YES;
				CLANG_WARN_CONSTANT_CONVERSION = YES;
				CLANG_WARN_DEPRECATED_OBJC_IMPLEMENTATIONS = YES;
				CLANG_WARN_DIRECT_OBJC_ISA_USAGE = YES_ERROR;
				CLANG_WARN_DOCUMENTATION_COMMENTS = YES;
				CLANG_WARN_EMPTY_BODY = YES;
				CLANG_WARN_ENUM_CONVERSION = YES;
				CLANG_WARN_INFINITE_RECURSION = YES;
				CLANG_WARN_INT_CONVERSION = YES;
				CLANG_WARN_NON_LITERAL_NULL_CONVERSION = YES;
				CLANG_WARN_OBJC_IMPLICIT_RETAIN_SELF = YES;
				CLANG_WARN_OBJC_LITERAL_CONVERSION = YES;
				CLANG_WARN_OBJC_ROOT_CLASS = YES_ERROR;
				CLANG_WARN_RANGE_LOOP_ANALYSIS = YES;
				CLANG_WARN_STRICT_PROTOTYPES = YES;
				CLANG_WARN_SUSPICIOUS_MOVE = YES;
				CLANG_WARN_SUSPICIOUS_MOVES = YES;
				CLANG_WARN_UNREACHABLE_CODE = YES;
				CLANG_WARN__DUPLICATE_METHOD_MATCH = YES;
				"CODE_SIGN_IDENTITY[sdk=iphoneos*]" = "iPhone Developer";
				COPY_PHASE_STRIP = NO;
				DEBUG_INFORMATION_FORMAT = "dwarf-with-dsym";
				ENABLE_NS_ASSERTIONS = NO;
				ENABLE_STRICT_OBJC_MSGSEND = YES;
				GCC_C_LANGUAGE_STANDARD = gnu99;
				GCC_NO_COMMON_BLOCKS = YES;
				GCC_WARN_64_TO_32_BIT_CONVERSION = YES;
				GCC_WARN_ABOUT_RETURN_TYPE = YES_ERROR;
				GCC_WARN_UNDECLARED_SELECTOR = YES;
				GCC_WARN_UNINITIALIZED_AUTOS = YES_AGGRESSIVE;
				GCC_WARN_UNUSED_FUNCTION = YES;
				GCC_WARN_UNUSED_VARIABLE = YES;
				IPHONEOS_DEPLOYMENT_TARGET = 10.1;
				MTL_ENABLE_DEBUG_INFO = NO;
				SDKROOT = iphoneos;
				SWIFT_OPTIMIZATION_LEVEL = "-Owholemodule";
				TARGETED_DEVICE_FAMILY = "1,2";
				VALIDATE_PRODUCT = YES;
			};
			name = Release;
		};
		E23606631DF753B400553686 /* Debug */ = {
			isa = XCBuildConfiguration;
			baseConfigurationReference = FC643AC62292683BB60BD80C /* Pods-ElementDiff-Example.debug.xcconfig */;
			buildSettings = {
				ASSETCATALOG_COMPILER_APPICON_NAME = AppIcon;
				DEVELOPMENT_TEAM = BQF78J8BF9;
				INFOPLIST_FILE = "ElementDiff-Example/Info.plist";
				LD_RUNPATH_SEARCH_PATHS = "$(inherited) @executable_path/Frameworks";
				PRODUCT_BUNDLE_IDENTIFIER = "nl.q42.ElementDiff-Example";
				PRODUCT_NAME = "$(TARGET_NAME)";
				SWIFT_VERSION = 5.0;
			};
			name = Debug;
		};
		E23606641DF753B400553686 /* Release */ = {
			isa = XCBuildConfiguration;
			baseConfigurationReference = 63CC2E671E60C571BC516E50 /* Pods-ElementDiff-Example.release.xcconfig */;
			buildSettings = {
				ASSETCATALOG_COMPILER_APPICON_NAME = AppIcon;
				DEVELOPMENT_TEAM = BQF78J8BF9;
				INFOPLIST_FILE = "ElementDiff-Example/Info.plist";
				LD_RUNPATH_SEARCH_PATHS = "$(inherited) @executable_path/Frameworks";
				PRODUCT_BUNDLE_IDENTIFIER = "nl.q42.ElementDiff-Example";
				PRODUCT_NAME = "$(TARGET_NAME)";
				SWIFT_VERSION = 5.0;
			};
			name = Release;
		};
/* End XCBuildConfiguration section */

/* Begin XCConfigurationList section */
		E236064B1DF753B400553686 /* Build configuration list for PBXProject "ElementDiff-Example" */ = {
			isa = XCConfigurationList;
			buildConfigurations = (
				E23606601DF753B400553686 /* Debug */,
				E23606611DF753B400553686 /* Release */,
			);
			defaultConfigurationIsVisible = 0;
			defaultConfigurationName = Release;
		};
		E23606621DF753B400553686 /* Build configuration list for PBXNativeTarget "ElementDiff-Example" */ = {
			isa = XCConfigurationList;
			buildConfigurations = (
				E23606631DF753B400553686 /* Debug */,
				E23606641DF753B400553686 /* Release */,
			);
			defaultConfigurationIsVisible = 0;
			defaultConfigurationName = Release;
		};
/* End XCConfigurationList section */
	};
	rootObject = E23606481DF753B400553686 /* Project object */;
}
